<?xml version="1.0" encoding="utf-8"?>
<Project ToolsVersion="4.0" xmlns="http://schemas.microsoft.com/developer/msbuild/2003">
  <ItemGroup>
    <ClCompile Include="Game.cpp" />
    <ClCompile Include="Menu.cpp" />
    <ClCompile Include="LocalPlayer.cpp" />
    <ClCompile Include="PA9-logandihel-zaneyoung.cpp" />
    <ClCompile Include="Player.cpp" />
    <ClCompile Include="RigidBody.cpp" />
    <ClCompile Include="SocketManager.cpp" />
    <ClCompile Include="stdafx.cpp" />
    <ClCompile Include="Scene.cpp" />
    <ClCompile Include="SplashScreen.cpp" />
    <ClCompile Include="Car.cpp" />
  </ItemGroup>
  <ItemGroup>
    <ClInclude Include="Car.h" />
    <ClInclude Include="Game.h" />
    <ClInclude Include="Menu.h" />
    <ClInclude Include="LocalPlayer.h" />
    <ClInclude Include="Player.h" />
    <ClInclude Include="RigidBody.h" />
    <ClInclude Include="SocketManager.h" />
    <ClInclude Include="stdafx.h" />
    <ClInclude Include="targetver.h" />
    <ClInclude Include="testing.h" />
    <ClInclude Include="Scene.h" />
    <ClInclude Include="SplashScene.h" />
    <ClInclude Include="SplashScreen.h" />
    <ClInclude Include="PlayScene.h" />
  </ItemGroup>
  <ItemGroup>
    <Text Include="ReadMe.txt" />
  </ItemGroup>
</Project>