<?xml version="1.0" encoding="utf-8"?>
<Project ToolsVersion="4.0" xmlns="http://schemas.microsoft.com/developer/msbuild/2003">
  <ItemGroup>
    <ClCompile Include="Game.cpp" />
    <ClCompile Include="LocalPlayer.cpp" />
    <ClCompile Include="PA9-logandihel-zaneyoung.cpp" />
    <ClCompile Include="Player.cpp" />
    <ClCompile Include="RigidBody.cpp" />
    <ClCompile Include="SocketManager.cpp" />
    <ClCompile Include="stdafx.cpp" />
    <ClCompile Include="Car.cpp" />
    <ClCompile Include="RigidBody2.cpp" />
    <ClCompile Include="Scene.cpp" />
    <ClCompile Include="SVGParser.cpp" />
  </ItemGroup>
  <ItemGroup>
    <ClInclude Include="Car.h" />
    <ClInclude Include="Game.h" />
    <ClInclude Include="LocalPlayer.h" />
    <ClInclude Include="Player.h" />
    <ClInclude Include="RigidBody.h" />
    <ClInclude Include="SocketManager.h" />
    <ClInclude Include="stdafx.h" />
    <ClInclude Include="targetver.h" />
    <ClInclude Include="testing.h" />
    <ClInclude Include="Button.h">
      <Filter>buttons</Filter>
    </ClInclude>
    <ClInclude Include="PlayScene.h">
      <Filter>Scenes</Filter>
    </ClInclude>
    <ClInclude Include="Scene.h">
      <Filter>Scenes</Filter>
    </ClInclude>
    <ClInclude Include="SplashScene.h">
      <Filter>Scenes</Filter>
    </ClInclude>
    <ClInclude Include="MenuScene.h">
      <Filter>Scenes</Filter>
    </ClInclude>
    <ClInclude Include="Scene.h" />
    <ClInclude Include="SplashScene.h" />
    <ClInclude Include="PlayScene.h" />
    <ClInclude Include="Game.h" />
    <ClInclude Include="RigidBody2.h" />
    <ClInclude Include="SVGParser.h" />
    <ClInclude Include="map.h">
      <Filter>Map</Filter>
    </ClInclude>
    <ClInclude Include="collidable.h">
      <Filter>Map</Filter>
    </ClInclude>
    <ClInclude Include="collisionHandler.h" />
    <ClInclude Include="CarSelectScene.h" />
  </ItemGroup>
  <ItemGroup>
    <Text Include="ReadMe.txt" />
  </ItemGroup>
  <ItemGroup>
    <Filter Include="buttons">
      <UniqueIdentifier>{a57a978c-61a6-405c-9bfe-adff184843ba}</UniqueIdentifier>
    </Filter>
    <Filter Include="Scenes">
      <UniqueIdentifier>{134324e7-03f7-4401-9715-ebcf8cbaac2b}</UniqueIdentifier>
    </Filter>
    <Filter Include="Map">
      <UniqueIdentifier>{59e58503-7823-4dd7-91e4-9a7f7680f870}</UniqueIdentifier>
    </Filter>
  </ItemGroup>
</Project>